
Microsoft Visual Studio Solution File, Format Version 12.00
# Visual Studio Version 16
VisualStudioVersion = 16.0.31410.357
MinimumVisualStudioVersion = 10.0.40219.1
Project("{2150E333-8FDC-42A3-9474-1A3956D46DE8}") = "Solution Items", "Solution Items", "{857E21EC-236C-4860-83ED-6DC67174685A}"
	ProjectSection(SolutionItems) = preProject
		.editorconfig = .editorconfig
	EndProjectSection
EndProject
Project("{9A19103F-16F7-4668-BE54-9A1E7A4F7556}") = "Televisor", "Televisor\Televisor.csproj", "{43DD7D57-1F0C-4D96-A5E8-99ADFD257F4D}"
EndProject
Project("{9A19103F-16F7-4668-BE54-9A1E7A4F7556}") = "Televisor.Tests", "Televisor.Tests\Televisor.Tests.csproj", "{A9A47F53-E17F-4F6B-AC45-4CCA481F8420}"
EndProject
Global
	GlobalSection(SolutionConfigurationPlatforms) = preSolution
		Debug|Any CPU = Debug|Any CPU
		Release|Any CPU = Release|Any CPU
	EndGlobalSection
	GlobalSection(ProjectConfigurationPlatforms) = postSolution
		{43DD7D57-1F0C-4D96-A5E8-99ADFD257F4D}.Debug|Any CPU.ActiveCfg = Debug|Any CPU
		{43DD7D57-1F0C-4D96-A5E8-99ADFD257F4D}.Debug|Any CPU.Build.0 = Debug|Any CPU
		{43DD7D57-1F0C-4D96-A5E8-99ADFD257F4D}.Release|Any CPU.ActiveCfg = Release|Any CPU
		{43DD7D57-1F0C-4D96-A5E8-99ADFD257F4D}.Release|Any CPU.Build.0 = Release|Any CPU
		{A9A47F53-E17F-4F6B-AC45-4CCA481F8420}.Debug|Any CPU.ActiveCfg = Debug|Any CPU
		{A9A47F53-E17F-4F6B-AC45-4CCA481F8420}.Debug|Any CPU.Build.0 = Debug|Any CPU
		{A9A47F53-E17F-4F6B-AC45-4CCA481F8420}.Release|Any CPU.ActiveCfg = Release|Any CPU
		{A9A47F53-E17F-4F6B-AC45-4CCA481F8420}.Release|Any CPU.Build.0 = Release|Any CPU
	EndGlobalSection
	GlobalSection(SolutionProperties) = preSolution
		HideSolutionNode = FALSE
	EndGlobalSection
	GlobalSection(ExtensibilityGlobals) = postSolution
		SolutionGuid = {373216A0-41E4-4943-A718-A0EA73449804}
	EndGlobalSection
EndGlobal
